
Microsoft Visual Studio Solution File, Format Version 12.00
# Visual Studio Version 17
VisualStudioVersion = 17.4.33213.308
MinimumVisualStudioVersion = 10.0.40219.1
Project("{9A19103F-16F7-4668-BE54-9A1E7A4F7556}") = "LommeregneApp", "LommeregneApp.csproj", "{F751BDB4-629C-441D-BD02-4CC4211AC3A0}"
EndProject
Project("{9A19103F-16F7-4668-BE54-9A1E7A4F7556}") = "LommeregnerTest", "..\LommeregnerTest\LommeregnerTest.csproj", "{4595E845-6BCC-4376-99A9-2EE1DC2C0446}"
EndProject
Global
	GlobalSection(SolutionConfigurationPlatforms) = preSolution
		Debug|Any CPU = Debug|Any CPU
		Release|Any CPU = Release|Any CPU
	EndGlobalSection
	GlobalSection(ProjectConfigurationPlatforms) = postSolution
		{F751BDB4-629C-441D-BD02-4CC4211AC3A0}.Debug|Any CPU.ActiveCfg = Debug|Any CPU
		{F751BDB4-629C-441D-BD02-4CC4211AC3A0}.Debug|Any CPU.Build.0 = Debug|Any CPU
		{F751BDB4-629C-441D-BD02-4CC4211AC3A0}.Release|Any CPU.ActiveCfg = Release|Any CPU
		{F751BDB4-629C-441D-BD02-4CC4211AC3A0}.Release|Any CPU.Build.0 = Release|Any CPU
		{4595E845-6BCC-4376-99A9-2EE1DC2C0446}.Debug|Any CPU.ActiveCfg = Debug|Any CPU
		{4595E845-6BCC-4376-99A9-2EE1DC2C0446}.Debug|Any CPU.Build.0 = Debug|Any CPU
		{4595E845-6BCC-4376-99A9-2EE1DC2C0446}.Release|Any CPU.ActiveCfg = Release|Any CPU
		{4595E845-6BCC-4376-99A9-2EE1DC2C0446}.Release|Any CPU.Build.0 = Release|Any CPU
	EndGlobalSection
	GlobalSection(SolutionProperties) = preSolution
		HideSolutionNode = FALSE
	EndGlobalSection
	GlobalSection(ExtensibilityGlobals) = postSolution
		SolutionGuid = {94534A46-14A3-4E96-B580-F0F21A14D757}
	EndGlobalSection
EndGlobal
